
Microsoft Visual Studio Solution File, Format Version 12.00
# Visual Studio Version 16
VisualStudioVersion = 16.0.31105.61
MinimumVisualStudioVersion = 10.0.40219.1
Project("{FAE04EC0-301F-11D3-BF4B-00C04F79EFBC}") = "CorePipeline", "CorePipeline\CorePipeline.csproj", "{B11A919C-2D33-4E62-AE55-474A63A1349B}"
EndProject
Global
	GlobalSection(SolutionConfigurationPlatforms) = preSolution
		Debug|Any CPU = Debug|Any CPU
		Release|Any CPU = Release|Any CPU
	EndGlobalSection
	GlobalSection(ProjectConfigurationPlatforms) = postSolution
		{B11A919C-2D33-4E62-AE55-474A63A1349B}.Debug|Any CPU.ActiveCfg = Debug|Any CPU
		{B11A919C-2D33-4E62-AE55-474A63A1349B}.Debug|Any CPU.Build.0 = Debug|Any CPU
		{B11A919C-2D33-4E62-AE55-474A63A1349B}.Release|Any CPU.ActiveCfg = Release|Any CPU
		{B11A919C-2D33-4E62-AE55-474A63A1349B}.Release|Any CPU.Build.0 = Release|Any CPU
	EndGlobalSection
	GlobalSection(SolutionProperties) = preSolution
		HideSolutionNode = FALSE
	EndGlobalSection
	GlobalSection(ExtensibilityGlobals) = postSolution
		SolutionGuid = {B4A89FB7-D667-46FB-81CF-8A81C686F28B}
	EndGlobalSection
EndGlobal
